// !$*UTF8*$!
{
	archiveVersion = 1;
	classes = {
	};
	objectVersion = 46;
	objects = {

/* Begin PBXBuildFile section */
		D0F9A8381B0BF80C00552B7A /* AppDelegate.swift in Sources */ = {isa = PBXBuildFile; fileRef = D0F9A8371B0BF80C00552B7A /* AppDelegate.swift */; };
		D0F9A83A1B0BF80C00552B7A /* ViewController.swift in Sources */ = {isa = PBXBuildFile; fileRef = D0F9A8391B0BF80C00552B7A /* ViewController.swift */; };
		D0F9A83D1B0BF80C00552B7A /* Main.storyboard in Resources */ = {isa = PBXBuildFile; fileRef = D0F9A83B1B0BF80C00552B7A /* Main.storyboard */; };
		D0F9A83F1B0BF80C00552B7A /* Images.xcassets in Resources */ = {isa = PBXBuildFile; fileRef = D0F9A83E1B0BF80C00552B7A /* Images.xcassets */; };
		D0F9A8421B0BF80C00552B7A /* LaunchScreen.xib in Resources */ = {isa = PBXBuildFile; fileRef = D0F9A8401B0BF80C00552B7A /* LaunchScreen.xib */; };
		D0F9A84E1B0BF80C00552B7A /* Tic_Tac_ToeTests.swift in Sources */ = {isa = PBXBuildFile; fileRef = D0F9A84D1B0BF80C00552B7A /* Tic_Tac_ToeTests.swift */; };
		D0F9A85A1B0BF86600552B7A /* board.png in Resources */ = {isa = PBXBuildFile; fileRef = D0F9A8571B0BF86600552B7A /* board.png */; };
		D0F9A85B1B0BF86600552B7A /* cross.png in Resources */ = {isa = PBXBuildFile; fileRef = D0F9A8581B0BF86600552B7A /* cross.png */; };
		D0F9A85C1B0BF86600552B7A /* nought.png in Resources */ = {isa = PBXBuildFile; fileRef = D0F9A8591B0BF86600552B7A /* nought.png */; };
/* End PBXBuildFile section */

/* Begin PBXContainerItemProxy section */
		D0F9A8481B0BF80C00552B7A /* PBXContainerItemProxy */ = {
			isa = PBXContainerItemProxy;
			containerPortal = D0F9A82A1B0BF80C00552B7A /* Project object */;
			proxyType = 1;
			remoteGlobalIDString = D0F9A8311B0BF80C00552B7A;
			remoteInfo = "Tic Tac Toe";
		};
/* End PBXContainerItemProxy section */

/* Begin PBXFileReference section */
		D0F9A8321B0BF80C00552B7A /* Tic Tac Toe.app */ = {isa = PBXFileReference; explicitFileType = wrapper.application; includeInIndex = 0; path = "Tic Tac Toe.app"; sourceTree = BUILT_PRODUCTS_DIR; };
		D0F9A8361B0BF80C00552B7A /* Info.plist */ = {isa = PBXFileReference; lastKnownFileType = text.plist.xml; path = Info.plist; sourceTree = "<group>"; };
		D0F9A8371B0BF80C00552B7A /* AppDelegate.swift */ = {isa = PBXFileReference; lastKnownFileType = sourcecode.swift; path = AppDelegate.swift; sourceTree = "<group>"; };
		D0F9A8391B0BF80C00552B7A /* ViewController.swift */ = {isa = PBXFileReference; lastKnownFileType = sourcecode.swift; path = ViewController.swift; sourceTree = "<group>"; };
		D0F9A83C1B0BF80C00552B7A /* Base */ = {isa = PBXFileReference; lastKnownFileType = file.storyboard; name = Base; path = Base.lproj/Main.storyboard; sourceTree = "<group>"; };
		D0F9A83E1B0BF80C00552B7A /* Images.xcassets */ = {isa = PBXFileReference; lastKnownFileType = folder.assetcatalog; path = Images.xcassets; sourceTree = "<group>"; };
		D0F9A8411B0BF80C00552B7A /* Base */ = {isa = PBXFileReference; lastKnownFileType = file.xib; name = Base; path = Base.lproj/LaunchScreen.xib; sourceTree = "<group>"; };
		D0F9A8471B0BF80C00552B7A /* Tic Tac ToeTests.xctest */ = {isa = PBXFileReference; explicitFileType = wrapper.cfbundle; includeInIndex = 0; path = "Tic Tac ToeTests.xctest"; sourceTree = BUILT_PRODUCTS_DIR; };
		D0F9A84C1B0BF80C00552B7A /* Info.plist */ = {isa = PBXFileReference; lastKnownFileType = text.plist.xml; path = Info.plist; sourceTree = "<group>"; };
		D0F9A84D1B0BF80C00552B7A /* Tic_Tac_ToeTests.swift */ = {isa = PBXFileReference; lastKnownFileType = sourcecode.swift; path = Tic_Tac_ToeTests.swift; sourceTree = "<group>"; };
		D0F9A8571B0BF86600552B7A /* board.png */ = {isa = PBXFileReference; lastKnownFileType = image.png; path = board.png; sourceTree = "<group>"; };
		D0F9A8581B0BF86600552B7A /* cross.png */ = {isa = PBXFileReference; lastKnownFileType = image.png; path = cross.png; sourceTree = "<group>"; };
		D0F9A8591B0BF86600552B7A /* nought.png */ = {isa = PBXFileReference; lastKnownFileType = image.png; path = nought.png; sourceTree = "<group>"; };
/* End PBXFileReference section */

/* Begin PBXFrameworksBuildPhase section */
		D0F9A82F1B0BF80C00552B7A /* Frameworks */ = {
			isa = PBXFrameworksBuildPhase;
			buildActionMask = 2147483647;
			files = (
			);
			runOnlyForDeploymentPostprocessing = 0;
		};
		D0F9A8441B0BF80C00552B7A /* Frameworks */ = {
			isa = PBXFrameworksBuildPhase;
			buildActionMask = 2147483647;
			files = (
			);
			runOnlyForDeploymentPostprocessing = 0;
		};
/* End PBXFrameworksBuildPhase section */

/* Begin PBXGroup section */
		D0F9A8291B0BF80C00552B7A = {
			isa = PBXGroup;
			children = (
				D0F9A8341B0BF80C00552B7A /* Tic Tac Toe */,
				D0F9A84A1B0BF80C00552B7A /* Tic Tac ToeTests */,
				D0F9A8331B0BF80C00552B7A /* Products */,
			);
			sourceTree = "<group>";
		};
		D0F9A8331B0BF80C00552B7A /* Products */ = {
			isa = PBXGroup;
			children = (
				D0F9A8321B0BF80C00552B7A /* Tic Tac Toe.app */,
				D0F9A8471B0BF80C00552B7A /* Tic Tac ToeTests.xctest */,
			);
			name = Products;
			sourceTree = "<group>";
		};
		D0F9A8341B0BF80C00552B7A /* Tic Tac Toe */ = {
			isa = PBXGroup;
			children = (
				D0F9A8371B0BF80C00552B7A /* AppDelegate.swift */,
				D0F9A8391B0BF80C00552B7A /* ViewController.swift */,
				D0F9A83B1B0BF80C00552B7A /* Main.storyboard */,
				D0F9A8571B0BF86600552B7A /* board.png */,
				D0F9A8581B0BF86600552B7A /* cross.png */,
				D0F9A8591B0BF86600552B7A /* nought.png */,
				D0F9A83E1B0BF80C00552B7A /* Images.xcassets */,
				D0F9A8401B0BF80C00552B7A /* LaunchScreen.xib */,
				D0F9A8351B0BF80C00552B7A /* Supporting Files */,
			);
			path = "Tic Tac Toe";
			sourceTree = "<group>";
		};
		D0F9A8351B0BF80C00552B7A /* Supporting Files */ = {
			isa = PBXGroup;
			children = (
				D0F9A8361B0BF80C00552B7A /* Info.plist */,
			);
			name = "Supporting Files";
			sourceTree = "<group>";
		};
		D0F9A84A1B0BF80C00552B7A /* Tic Tac ToeTests */ = {
			isa = PBXGroup;
			children = (
				D0F9A84D1B0BF80C00552B7A /* Tic_Tac_ToeTests.swift */,
				D0F9A84B1B0BF80C00552B7A /* Supporting Files */,
			);
			path = "Tic Tac ToeTests";
			sourceTree = "<group>";
		};
		D0F9A84B1B0BF80C00552B7A /* Supporting Files */ = {
			isa = PBXGroup;
			children = (
				D0F9A84C1B0BF80C00552B7A /* Info.plist */,
			);
			name = "Supporting Files";
			sourceTree = "<group>";
		};
/* End PBXGroup section */

/* Begin PBXNativeTarget section */
		D0F9A8311B0BF80C00552B7A /* Tic Tac Toe */ = {
			isa = PBXNativeTarget;
			buildConfigurationList = D0F9A8511B0BF80C00552B7A /* Build configuration list for PBXNativeTarget "Tic Tac Toe" */;
			buildPhases = (
				D0F9A82E1B0BF80C00552B7A /* Sources */,
				D0F9A82F1B0BF80C00552B7A /* Frameworks */,
				D0F9A8301B0BF80C00552B7A /* Resources */,
			);
			buildRules = (
			);
			dependencies = (
			);
			name = "Tic Tac Toe";
			productName = "Tic Tac Toe";
			productReference = D0F9A8321B0BF80C00552B7A /* Tic Tac Toe.app */;
			productType = "com.apple.product-type.application";
		};
		D0F9A8461B0BF80C00552B7A /* Tic Tac ToeTests */ = {
			isa = PBXNativeTarget;
			buildConfigurationList = D0F9A8541B0BF80C00552B7A /* Build configuration list for PBXNativeTarget "Tic Tac ToeTests" */;
			buildPhases = (
				D0F9A8431B0BF80C00552B7A /* Sources */,
				D0F9A8441B0BF80C00552B7A /* Frameworks */,
				D0F9A8451B0BF80C00552B7A /* Resources */,
			);
			buildRules = (
			);
			dependencies = (
				D0F9A8491B0BF80C00552B7A /* PBXTargetDependency */,
			);
			name = "Tic Tac ToeTests";
			productName = "Tic Tac ToeTests";
			productReference = D0F9A8471B0BF80C00552B7A /* Tic Tac ToeTests.xctest */;
			productType = "com.apple.product-type.bundle.unit-test";
		};
/* End PBXNativeTarget section */

/* Begin PBXProject section */
		D0F9A82A1B0BF80C00552B7A /* Project object */ = {
			isa = PBXProject;
			attributes = {
				LastUpgradeCheck = 0630;
				ORGANIZATIONNAME = JMVapps;
				TargetAttributes = {
					D0F9A8311B0BF80C00552B7A = {
						CreatedOnToolsVersion = 6.3.1;
					};
					D0F9A8461B0BF80C00552B7A = {
						CreatedOnToolsVersion = 6.3.1;
						TestTargetID = D0F9A8311B0BF80C00552B7A;
					};
				};
			};
			buildConfigurationList = D0F9A82D1B0BF80C00552B7A /* Build configuration list for PBXProject "Tic Tac Toe" */;
			compatibilityVersion = "Xcode 3.2";
			developmentRegion = English;
			hasScannedForEncodings = 0;
			knownRegions = (
				en,
				Base,
			);
			mainGroup = D0F9A8291B0BF80C00552B7A;
			productRefGroup = D0F9A8331B0BF80C00552B7A /* Products */;
			projectDirPath = "";
			projectRoot = "";
			targets = (
				D0F9A8311B0BF80C00552B7A /* Tic Tac Toe */,
				D0F9A8461B0BF80C00552B7A /* Tic Tac ToeTests */,
			);
		};
/* End PBXProject section */

/* Begin PBXResourcesBuildPhase section */
		D0F9A8301B0BF80C00552B7A /* Resources */ = {
			isa = PBXResourcesBuildPhase;
			buildActionMask = 2147483647;
			files = (
				D0F9A85B1B0BF86600552B7A /* cross.png in Resources */,
				D0F9A85A1B0BF86600552B7A /* board.png in Resources */,
				D0F9A85C1B0BF86600552B7A /* nought.png in Resources */,
				D0F9A83D1B0BF80C00552B7A /* Main.storyboard in Resources */,
				D0F9A8421B0BF80C00552B7A /* LaunchScreen.xib in Resources */,
				D0F9A83F1B0BF80C00552B7A /* Images.xcassets in Resources */,
			);
			runOnlyForDeploymentPostprocessing = 0;
		};
		D0F9A8451B0BF80C00552B7A /* Resources */ = {
			isa = PBXResourcesBuildPhase;
			buildActionMask = 2147483647;
			files = (
			);
			runOnlyForDeploymentPostprocessing = 0;
		};
/* End PBXResourcesBuildPhase section */

/* Begin PBXSourcesBuildPhase section */
		D0F9A82E1B0BF80C00552B7A /* Sources */ = {
			isa = PBXSourcesBuildPhase;
			buildActionMask = 2147483647;
			files = (
				D0F9A83A1B0BF80C00552B7A /* ViewController.swift in Sources */,
				D0F9A8381B0BF80C00552B7A /* AppDelegate.swift in Sources */,
			);
			runOnlyForDeploymentPostprocessing = 0;
		};
		D0F9A8431B0BF80C00552B7A /* Sources */ = {
			isa = PBXSourcesBuildPhase;
			buildActionMask = 2147483647;
			files = (
				D0F9A84E1B0BF80C00552B7A /* Tic_Tac_ToeTests.swift in Sources */,
			);
			runOnlyForDeploymentPostprocessing = 0;
		};
/* End PBXSourcesBuildPhase section */

/* Begin PBXTargetDependency section */
		D0F9A8491B0BF80C00552B7A /* PBXTargetDependency */ = {
			isa = PBXTargetDependency;
			target = D0F9A8311B0BF80C00552B7A /* Tic Tac Toe */;
			targetProxy = D0F9A8481B0BF80C00552B7A /* PBXContainerItemProxy */;
		};
/* End PBXTargetDependency section */

/* Begin PBXVariantGroup section */
		D0F9A83B1B0BF80C00552B7A /* Main.storyboard */ = {
			isa = PBXVariantGroup;
			children = (
				D0F9A83C1B0BF80C00552B7A /* Base */,
			);
			name = Main.storyboard;
			sourceTree = "<group>";
		};
		D0F9A8401B0BF80C00552B7A /* LaunchScreen.xib */ = {
			isa = PBXVariantGroup;
			children = (
				D0F9A8411B0BF80C00552B7A /* Base */,
			);
			name = LaunchScreen.xib;
			sourceTree = "<group>";
		};
/* End PBXVariantGroup section */

/* Begin XCBuildConfiguration section */
		D0F9A84F1B0BF80C00552B7A /* Debug */ = {
			isa = XCBuildConfiguration;
			buildSettings = {
				ALWAYS_SEARCH_USER_PATHS = NO;
				CLANG_CXX_LANGUAGE_STANDARD = "gnu++0x";
				CLANG_CXX_LIBRARY = "libc++";
				CLANG_ENABLE_MODULES = YES;
				CLANG_ENABLE_OBJC_ARC = YES;
				CLANG_WARN_BOOL_CONVERSION = YES;
				CLANG_WARN_CONSTANT_CONVERSION = YES;
				CLANG_WARN_DIRECT_OBJC_ISA_USAGE = YES_ERROR;
				CLANG_WARN_EMPTY_BODY = YES;
				CLANG_WARN_ENUM_CONVERSION = YES;
				CLANG_WARN_INT_CONVERSION = YES;
				CLANG_WARN_OBJC_ROOT_CLASS = YES_ERROR;
				CLANG_WARN_UNREACHABLE_CODE = YES;
				CLANG_WARN__DUPLICATE_METHOD_MATCH = YES;
				"CODE_SIGN_IDENTITY[sdk=iphoneos*]" = "iPhone Developer";
				COPY_PHASE_STRIP = NO;
				DEBUG_INFORMATION_FORMAT = "dwarf-with-dsym";
				ENABLE_STRICT_OBJC_MSGSEND = YES;
				GCC_C_LANGUAGE_STANDARD = gnu99;
				GCC_DYNAMIC_NO_PIC = NO;
				GCC_NO_COMMON_BLOCKS = YES;
				GCC_OPTIMIZATION_LEVEL = 0;
				GCC_PREPROCESSOR_DEFINITIONS = (
					"DEBUG=1",
					"$(inherited)",
				);
				GCC_SYMBOLS_PRIVATE_EXTERN = NO;
				GCC_WARN_64_TO_32_BIT_CONVERSION = YES;
				GCC_WARN_ABOUT_RETURN_TYPE = YES_ERROR;
				GCC_WARN_UNDECLARED_SELECTOR = YES;
				GCC_WARN_UNINITIALIZED_AUTOS = YES_AGGRESSIVE;
				GCC_WARN_UNUSED_FUNCTION = YES;
				GCC_WARN_UNUSED_VARIABLE = YES;
				IPHONEOS_DEPLOYMENT_TARGET = 8.3;
				MTL_ENABLE_DEBUG_INFO = YES;
				ONLY_ACTIVE_ARCH = YES;
				SDKROOT = iphoneos;
				SWIFT_OPTIMIZATION_LEVEL = "-Onone";
			};
			name = Debug;
		};
		D0F9A8501B0BF80C00552B7A /* Release */ = {
			isa = XCBuildConfiguration;
			buildSettings = {
				ALWAYS_SEARCH_USER_PATHS = NO;
				CLANG_CXX_LANGUAGE_STANDARD = "gnu++0x";
				CLANG_CXX_LIBRARY = "libc++";
				CLANG_ENABLE_MODULES = YES;
				CLANG_ENABLE_OBJC_ARC = YES;
				CLANG_WARN_BOOL_CONVERSION = YES;
				CLANG_WARN_CONSTANT_CONVERSION = YES;
				CLANG_WARN_DIRECT_OBJC_ISA_USAGE = YES_ERROR;
				CLANG_WARN_EMPTY_BODY = YES;
				CLANG_WARN_ENUM_CONVERSION = YES;
				CLANG_WARN_INT_CONVERSION = YES;
				CLANG_WARN_OBJC_ROOT_CLASS = YES_ERROR;
				CLANG_WARN_UNREACHABLE_CODE = YES;
				CLANG_WARN__DUPLICATE_METHOD_MATCH = YES;
				"CODE_SIGN_IDENTITY[sdk=iphoneos*]" = "iPhone Developer";
				COPY_PHASE_STRIP = NO;
				DEBUG_INFORMATION_FORMAT = "dwarf-with-dsym";
				ENABLE_NS_ASSERTIONS = NO;
				ENABLE_STRICT_OBJC_MSGSEND = YES;
				GCC_C_LANGUAGE_STANDARD = gnu99;
				GCC_NO_COMMON_BLOCKS = YES;
				GCC_WARN_64_TO_32_BIT_CONVERSION = YES;
				GCC_WARN_ABOUT_RETURN_TYPE = YES_ERROR;
				GCC_WARN_UNDECLARED_SELECTOR = YES;
				GCC_WARN_UNINITIALIZED_AUTOS = YES_AGGRESSIVE;
				GCC_WARN_UNUSED_FUNCTION = YES;
				GCC_WARN_UNUSED_VARIABLE = YES;
				IPHONEOS_DEPLOYMENT_TARGET = 8.3;
				MTL_ENABLE_DEBUG_INFO = NO;
				SDKROOT = iphoneos;
				VALIDATE_PRODUCT = YES;
			};
			name = Release;
		};
		D0F9A8521B0BF80C00552B7A /* Debug */ = {
			isa = XCBuildConfiguration;
			buildSettings = {
				ASSETCATALOG_COMPILER_APPICON_NAME = AppIcon;
				INFOPLIST_FILE = "Tic Tac Toe/Info.plist";
				LD_RUNPATH_SEARCH_PATHS = "$(inherited) @executable_path/Frameworks";
				PRODUCT_NAME = "$(TARGET_NAME)";
			};
			name = Debug;
		};
		D0F9A8531B0BF80C00552B7A /* Release */ = {
			isa = XCBuildConfiguration;
			buildSettings = {
				ASSETCATALOG_COMPILER_APPICON_NAME = AppIcon;
				INFOPLIST_FILE = "Tic Tac Toe/Info.plist";
				LD_RUNPATH_SEARCH_PATHS = "$(inherited) @executable_path/Frameworks";
				PRODUCT_NAME = "$(TARGET_NAME)";
			};
			name = Release;
		};
		D0F9A8551B0BF80C00552B7A /* Debug */ = {
			isa = XCBuildConfiguration;
			buildSettings = {
				BUNDLE_LOADER = "$(TEST_HOST)";
				FRAMEWORK_SEARCH_PATHS = (
					"$(SDKROOT)/Developer/Library/Frameworks",
					"$(inherited)",
				);
				GCC_PREPROCESSOR_DEFINITIONS = (
					"DEBUG=1",
					"$(inherited)",
				);
				INFOPLIST_FILE = "Tic Tac ToeTests/Info.plist";
				LD_RUNPATH_SEARCH_PATHS = "$(inherited) @executable_path/Frameworks @loader_path/Frameworks";
				PRODUCT_NAME = "$(TARGET_NAME)";
				TEST_HOST = "$(BUILT_PRODUCTS_DIR)/Tic Tac Toe.app/Tic Tac Toe";
			};
			name = Debug;
		};
		D0F9A8561B0BF80C00552B7A /* Release */ = {
			isa = XCBuildConfiguration;
			buildSettings = {
				BUNDLE_LOADER = "$(TEST_HOST)";
				FRAMEWORK_SEARCH_PATHS = (
					"$(SDKROOT)/Developer/Library/Frameworks",
					"$(inherited)",
				);
				INFOPLIST_FILE = "Tic Tac ToeTests/Info.plist";
				LD_RUNPATH_SEARCH_PATHS = "$(inherited) @executable_path/Frameworks @loader_path/Frameworks";
				PRODUCT_NAME = "$(TARGET_NAME)";
				TEST_HOST = "$(BUILT_PRODUCTS_DIR)/Tic Tac Toe.app/Tic Tac Toe";
			};
			name = Release;
		};
/* End XCBuildConfiguration section */

/* Begin XCConfigurationList section */
		D0F9A82D1B0BF80C00552B7A /* Build configuration list for PBXProject "Tic Tac Toe" */ = {
			isa = XCConfigurationList;
			buildConfigurations = (
				D0F9A84F1B0BF80C00552B7A /* Debug */,
				D0F9A8501B0BF80C00552B7A /* Release */,
			);
			defaultConfigurationIsVisible = 0;
			defaultConfigurationName = Release;
		};
		D0F9A8511B0BF80C00552B7A /* Build configuration list for PBXNativeTarget "Tic Tac Toe" */ = {
			isa = XCConfigurationList;
			buildConfigurations = (
				D0F9A8521B0BF80C00552B7A /* Debug */,
				D0F9A8531B0BF80C00552B7A /* Release */,
			);
			defaultConfigurationIsVisible = 0;
		};
		D0F9A8541B0BF80C00552B7A /* Build configuration list for PBXNativeTarget "Tic Tac ToeTests" */ = {
			isa = XCConfigurationList;
			buildConfigurations = (
				D0F9A8551B0BF80C00552B7A /* Debug */,
				D0F9A8561B0BF80C00552B7A /* Release */,
			);
			defaultConfigurationIsVisible = 0;
		};
/* End XCConfigurationList section */
	};
	rootObject = D0F9A82A1B0BF80C00552B7A /* Project object */;
}
